PODS:
  - Alamofire (4.5.1)
  - ALCameraViewController (2.0.2)
  - Charts (3.0.3):
    - Charts/Core (= 3.0.3)
  - Charts/Core (3.0.3)
  - DKImagePickerController (3.6.1):
    - DKImagePickerController/Camera (= 3.6.1)
    - DKImagePickerController/ImageManager (= 3.6.1)
  - DKImagePickerController/Camera (3.6.1)
  - DKImagePickerController/ImageManager (3.6.1)
  - Firebase (4.1.1):
    - Firebase/Core (= 4.1.1)
  - Firebase/Auth (4.1.1):
    - Firebase/Core
    - FirebaseAuth (= 4.1.1)
  - Firebase/Core (4.1.1):
    - FirebaseAnalytics (= 4.0.3)
    - FirebaseCore (= 4.0.6)
  - Firebase/Database (4.1.1):
    - Firebase/Core
    - FirebaseDatabase (= 4.0.2)
  - Firebase/Messaging (4.1.1):
    - Firebase/Core
    - FirebaseMessaging (= 2.0.2)
  - Firebase/Storage (4.1.1):
    - Firebase/Core
    - FirebaseStorage (= 2.0.1)
  - FirebaseAnalytics (4.0.3):
    - FirebaseCore (~> 4.0)
    - FirebaseInstanceID (~> 2.0)
    - GoogleToolboxForMac/NSData+zlib (~> 2.1)
    - nanopb (~> 0.3)
  - FirebaseAuth (4.1.1):
    - FirebaseAnalytics (~> 4.0)
    - GoogleToolboxForMac/NSDictionary+URLArguments (~> 2.1)
    - GTMSessionFetcher/Core (~> 1.1)
  - FirebaseCore (4.0.6):
    - GoogleToolboxForMac/NSData+zlib (~> 2.1)
    - nanopb (~> 0.3)
  - FirebaseDatabase (4.0.2):
    - FirebaseAnalytics (~> 4.0)
    - FirebaseCore (~> 4.0)
    - leveldb-library (~> 1.18)
  - FirebaseInstanceID (2.0.2):
    - FirebaseCore (~> 4.0)
  - FirebaseMessaging (2.0.2):
    - FirebaseAnalytics (~> 4.0)
    - FirebaseCore (~> 4.0)
    - FirebaseInstanceID (~> 2.0)
    - GoogleToolboxForMac/Logger (~> 2.1)
    - Protobuf (~> 3.1)
  - FirebaseStorage (2.0.1):
    - FirebaseAnalytics (~> 4.0)
    - FirebaseCore (~> 4.0)
    - GTMSessionFetcher/Core (~> 1.1)
  - FSCalendar (2.7.9)
  - GoogleSignIn (4.1.0):
    - GoogleToolboxForMac/NSDictionary+URLArguments (~> 2.1)
    - GoogleToolboxForMac/NSString+URLArguments (~> 2.1)
    - GTMOAuth2 (~> 1.0)
    - GTMSessionFetcher/Core (~> 1.1)
  - GoogleToolboxForMac/DebugUtils (2.1.1):
    - GoogleToolboxForMac/Defines (= 2.1.1)
  - GoogleToolboxForMac/Defines (2.1.1)
  - GoogleToolboxForMac/Logger (2.1.1):
    - GoogleToolboxForMac/Defines (= 2.1.1)
  - GoogleToolboxForMac/NSData+zlib (2.1.1):
    - GoogleToolboxForMac/Defines (= 2.1.1)
  - GoogleToolboxForMac/NSDictionary+URLArguments (2.1.1):
    - GoogleToolboxForMac/DebugUtils (= 2.1.1)
    - GoogleToolboxForMac/Defines (= 2.1.1)
    - GoogleToolboxForMac/NSString+URLArguments (= 2.1.1)
  - GoogleToolboxForMac/NSString+URLArguments (2.1.1)
  - GTMOAuth2 (1.1.4):
    - GTMSessionFetcher (~> 1.1)
  - GTMSessionFetcher (1.1.11):
    - GTMSessionFetcher/Full (= 1.1.11)
  - GTMSessionFetcher/Core (1.1.11)
  - GTMSessionFetcher/Full (1.1.11):
    - GTMSessionFetcher/Core (= 1.1.11)
  - GzipSwift (3.1.4)
  - Hue (2.0.1)
  - JBDatePicker (1.2.3)
  - JVFloatLabeledTextField (1.2.0)
  - leveldb-library (1.18.3)
  - Lightbox (1.0.0):
    - Hue
  - MGSwipeTableCell (1.6.1)
  - MIBadgeButton-Swift (0.5)
  - nanopb (0.3.8):
    - nanopb/decode (= 0.3.8)
    - nanopb/encode (= 0.3.8)
  - nanopb/decode (0.3.8)
  - nanopb/encode (0.3.8)
  - ObjectMapper (2.2.8)
  - Protobuf (3.4.0)
  - Realm (2.10.0):
    - Realm/Headers (= 2.10.0)
  - Realm/Headers (2.10.0)
  - RealmSwift (2.10.0):
    - Realm (= 2.10.0)
  - ReSwift (4.0.0)
  - ReSwiftRouter (0.6.0):
    - ReSwift (~> 4.0.0)
  - SearchTextField (1.1.8)
  - SmileLock (2.0.2)
  - SnapKit (3.2.0)
  - Toast-Swift (2.0.0)

DEPENDENCIES:
  - Alamofire
  - ALCameraViewController
  - Charts (~> 3.0)
  - DKImagePickerController
  - Firebase
  - Firebase/Auth
  - Firebase/Core
  - Firebase/Database
  - Firebase/Messaging
  - Firebase/Storage
  - FSCalendar
  - GoogleSignIn
  - GzipSwift
  - JBDatePicker
  - JVFloatLabeledTextField
  - Lightbox
  - MGSwipeTableCell
  - MIBadgeButton-Swift (from `https://github.com/mustafaibrahim989/MIBadgeButton-Swift.git`, branch `master`)
  - ObjectMapper (~> 2.2)
  - RealmSwift
  - ReSwift (~> 4.0.0)
  - ReSwiftRouter
  - SearchTextField
  - SmileLock
  - SnapKit (~> 3.0)
  - Toast-Swift (~> 2.0.0)

EXTERNAL SOURCES:
  MIBadgeButton-Swift:
    :branch: master
    :git: https://github.com/mustafaibrahim989/MIBadgeButton-Swift.git

CHECKOUT OPTIONS:
  MIBadgeButton-Swift:
    :commit: 3c2638d2e6e46ec2e6dd978d8ada8863df3df5e6
    :git: https://github.com/mustafaibrahim989/MIBadgeButton-Swift.git

SPEC CHECKSUMS:
  Alamofire: 2d95912bf4c34f164fdfc335872e8c312acaea4a
  ALCameraViewController: aa1dd3efe604cc50eb5674959a15d61d35e9e5e0
  Charts: bcde37724c161958c1438dd4883971fcb2d50c06
  DKImagePickerController: 4f8072aed44119a33955c9583273ea7c8739c0f4
  Firebase: 052c0de688fc87b414996eea13e223dd9fee3fa2
  FirebaseAnalytics: 76f754d37ca5b04f36856729b6af3ca0152d1069
  FirebaseAuth: f8b07aa83de60d606b4eadd81484b3ac2097ea3e
  FirebaseCore: 28def3c643989c97ea5a69ea5000f5fa9902b9fd
  FirebaseDatabase: 4d1a10639a42cae26e094296951b53c689e5e191
  FirebaseInstanceID: c4c7fca62c7b7330caee5da04f19a37ea37bb1c1
  FirebaseMessaging: 85af6c27188538b3a6f7dfd0b3b0596358cb0c39
  FirebaseStorage: 661fc1f8d4131891d256b62e82a45ace8b3f0c3b
  FSCalendar: a04b09f16f811bc92e82f3cf852a15225233b9d5
  GoogleSignIn: 8c599fc10d25b2af86a3f82fd9631e863f2b1400
  GoogleToolboxForMac: 8e329f1b599f2512c6b10676d45736bcc2cbbeb0
  GTMOAuth2: 7fc9c10f5c745f4d9850419ea88889fe3baa6b7d
  GTMSessionFetcher: 5ad62e8200fa00ed011fe5e08d27fef72c5b1429
  GzipSwift: 11ddb2bf253b1cd7b60bb169da20f62ac4348769
  Hue: 354caec055fdc9d38b5ef33ca2e7224721843baf
  JBDatePicker: 7130ca86cb2ba1e49d5050b311ba5a14968c18b9
  JVFloatLabeledTextField: 96c0c1b6739001801340d25b86aff990d67c4181
  leveldb-library: 10fb39c39e243db4af1828441162405bbcec1404
  Lightbox: 13f55a0a840f7945dc5ac87931564e7fe569fca9
  MGSwipeTableCell: 19a1d65dcc1ceaea42eb44bb2adae32101904514
  MIBadgeButton-Swift: 9e57309b00b168d75ca8fecb45bc75124a8ffddf
  nanopb: 5601e6bca2dbf1ed831b519092ec110f66982ca3
  ObjectMapper: 3d571bb5af471c779e1160828cd9ad5c4ef90958
  Protobuf: 03eef2ee0b674770735cf79d9c4d3659cf6908e8
  Realm: 98b3a25643cf6b3e07d2b99fb43fe0eb9c801dec
  RealmSwift: 34073ad3a31232bbaf7c0db898c037940284cba2
  ReSwift: f058ef13b46ae5f463f10605ccbbb7fb04424d8d
  ReSwiftRouter: 81f41b37a5dd1c88e1d3d10a660ff2dcc939ba7c
  SearchTextField: 1d43b423c2acd3a9e2b37a74180e0cb137fcf1e7
  SmileLock: 7ae1e174b4697c0a33882dab838fc0bea94432f4
  SnapKit: 1ca44df72cfa543218d177cb8aab029d10d86ea7
  Toast-Swift: 5b2f8f720f7e78e48511f693df1f9c9a6e38a25a

PODFILE CHECKSUM: 21eca1fd2de5d1af6674a85266f322a10128a8a6

COCOAPODS: 1.2.1.rc.1
